// !$*UTF8*$!
{
	archiveVersion = 1;
	classes = {
	};
	objectVersion = 46;
	objects = {

/* Begin PBXBuildFile section */
		409B6476B97C70E6063B53AB /* Pods_writeMemo.framework in Frameworks */ = {isa = PBXBuildFile; fileRef = A4D7BBD7AD57A0AF865B41FB /* Pods_writeMemo.framework */; };
		9D72612C1FC80767003509E2 /* Memo.swift in Sources */ = {isa = PBXBuildFile; fileRef = 9D72612B1FC80767003509E2 /* Memo.swift */; };
		9D72612E1FC80968003509E2 /* MemoManager.swift in Sources */ = {isa = PBXBuildFile; fileRef = 9D72612D1FC80968003509E2 /* MemoManager.swift */; };
		DC12CAEB1BF0C6C500AE6167 /* CoreGraphics.framework in Frameworks */ = {isa = PBXBuildFile; fileRef = DC12CAEA1BF0C6C500AE6167 /* CoreGraphics.framework */; };
		DC498C621BEB3E2300FD10AD /* DrawOptionView.swift in Sources */ = {isa = PBXBuildFile; fileRef = DC498C611BEB3E2300FD10AD /* DrawOptionView.swift */; };
		DC498C661BEB3E6C00FD10AD /* DrawOptionView.xib in Resources */ = {isa = PBXBuildFile; fileRef = DC498C651BEB3E6C00FD10AD /* DrawOptionView.xib */; };
		DC498C6A1BEBA0FF00FD10AD /* palette_48px.png in Resources */ = {isa = PBXBuildFile; fileRef = DC498C671BEBA0FF00FD10AD /* palette_48px.png */; };
		DC498C6B1BEBA0FF00FD10AD /* strongPen.png in Resources */ = {isa = PBXBuildFile; fileRef = DC498C681BEBA0FF00FD10AD /* strongPen.png */; };
		DC498C6C1BEBA0FF00FD10AD /* thinPen.png in Resources */ = {isa = PBXBuildFile; fileRef = DC498C691BEBA0FF00FD10AD /* thinPen.png */; };
		DC5DE3791BE88CEE0069195B /* MemoViewController.swift in Sources */ = {isa = PBXBuildFile; fileRef = DC5DE3781BE88CEE0069195B /* MemoViewController.swift */; };
		DC5DE37B1BE88E9B0069195B /* background.png in Resources */ = {isa = PBXBuildFile; fileRef = DC5DE37A1BE88E9B0069195B /* background.png */; };
		DCB621AF1C02E0EB004287A3 /* MemoEntity+CoreDataProperties.swift in Sources */ = {isa = PBXBuildFile; fileRef = DCB621AD1C02E0EB004287A3 /* MemoEntity+CoreDataProperties.swift */; };
		DCB621B01C02E0EB004287A3 /* MemoEntity.swift in Sources */ = {isa = PBXBuildFile; fileRef = DCB621AE1C02E0EB004287A3 /* MemoEntity.swift */; };
		DCB621B21C02EB3F004287A3 /* MemoCRUD.swift in Sources */ = {isa = PBXBuildFile; fileRef = DCB621B11C02EB3F004287A3 /* MemoCRUD.swift */; };
		DCBE4A9F1BF8B51A00F9C87F /* AlertView.swift in Sources */ = {isa = PBXBuildFile; fileRef = DCBE4A9E1BF8B51A00F9C87F /* AlertView.swift */; };
		DCBE4AA11BF8B52900F9C87F /* AlertView.xib in Resources */ = {isa = PBXBuildFile; fileRef = DCBE4AA01BF8B52900F9C87F /* AlertView.xib */; };
		DCD8BD0D1C01C2A3008DD6E0 /* EditMemoNameView.swift in Sources */ = {isa = PBXBuildFile; fileRef = DCD8BD0C1C01C2A3008DD6E0 /* EditMemoNameView.swift */; };
		DCD8BD0F1C01C2B3008DD6E0 /* EditMemoNameView.xib in Resources */ = {isa = PBXBuildFile; fileRef = DCD8BD0E1C01C2B3008DD6E0 /* EditMemoNameView.xib */; };
		DCE83AC31BF3701300C613CC /* KTEGAKI.ttf in Resources */ = {isa = PBXBuildFile; fileRef = DCE83AC11BF36FEA00C613CC /* KTEGAKI.ttf */; };
		DCE9817E1BFDB09000F65635 /* ImageAlertView.swift in Sources */ = {isa = PBXBuildFile; fileRef = DCE9817D1BFDB09000F65635 /* ImageAlertView.swift */; };
		DCE981801BFDB0A000F65635 /* ImageAlertView.xib in Resources */ = {isa = PBXBuildFile; fileRef = DCE9817F1BFDB0A000F65635 /* ImageAlertView.xib */; };
		DCF13C0E1BE9CD5800880FD6 /* MemoCollectionViewCell.swift in Sources */ = {isa = PBXBuildFile; fileRef = DCF13C0C1BE9CD5800880FD6 /* MemoCollectionViewCell.swift */; };
		DCF13C0F1BE9CD5800880FD6 /* MemoCollectionViewCell.xib in Resources */ = {isa = PBXBuildFile; fileRef = DCF13C0D1BE9CD5800880FD6 /* MemoCollectionViewCell.xib */; };
		DCF4CFB41BE8769B00B0E076 /* AppDelegate.swift in Sources */ = {isa = PBXBuildFile; fileRef = DCF4CFB31BE8769B00B0E076 /* AppDelegate.swift */; };
		DCF4CFB71BE8769B00B0E076 /* writeMemo.xcdatamodeld in Sources */ = {isa = PBXBuildFile; fileRef = DCF4CFB51BE8769B00B0E076 /* writeMemo.xcdatamodeld */; };
		DCF4CFB91BE8769B00B0E076 /* TopViewController.swift in Sources */ = {isa = PBXBuildFile; fileRef = DCF4CFB81BE8769B00B0E076 /* TopViewController.swift */; };
		DCF4CFBC1BE8769B00B0E076 /* Main.storyboard in Resources */ = {isa = PBXBuildFile; fileRef = DCF4CFBA1BE8769B00B0E076 /* Main.storyboard */; };
		DCF4CFBE1BE8769B00B0E076 /* Images.xcassets in Resources */ = {isa = PBXBuildFile; fileRef = DCF4CFBD1BE8769B00B0E076 /* Images.xcassets */; };
		DCF4CFC11BE8769B00B0E076 /* LaunchScreen.xib in Resources */ = {isa = PBXBuildFile; fileRef = DCF4CFBF1BE8769B00B0E076 /* LaunchScreen.xib */; };
		DCF4CFCD1BE8769C00B0E076 /* writeMemoTests.swift in Sources */ = {isa = PBXBuildFile; fileRef = DCF4CFCC1BE8769C00B0E076 /* writeMemoTests.swift */; };
		DCF5EA791BF9BE3400BB4911 /* InputTextView.swift in Sources */ = {isa = PBXBuildFile; fileRef = DCF5EA781BF9BE3400BB4911 /* InputTextView.swift */; };
		DCF5EA7B1BF9BE5A00BB4911 /* InputTextView.xib in Resources */ = {isa = PBXBuildFile; fileRef = DCF5EA7A1BF9BE5A00BB4911 /* InputTextView.xib */; };
		DCF5EA7D1BFAFED400BB4911 /* ColorPaletteView.swift in Sources */ = {isa = PBXBuildFile; fileRef = DCF5EA7C1BFAFED400BB4911 /* ColorPaletteView.swift */; };
/* End PBXBuildFile section */

/* Begin PBXContainerItemProxy section */
		DCF4CFC71BE8769C00B0E076 /* PBXContainerItemProxy */ = {
			isa = PBXContainerItemProxy;
			containerPortal = DCF4CFA61BE8769B00B0E076 /* Project object */;
			proxyType = 1;
			remoteGlobalIDString = DCF4CFAD1BE8769B00B0E076;
			remoteInfo = writeMemo;
		};
/* End PBXContainerItemProxy section */

/* Begin PBXFileReference section */
		519B9EEF0BE75262DDA7D91F /* Pods-writeMemo.release.xcconfig */ = {isa = PBXFileReference; includeInIndex = 1; lastKnownFileType = text.xcconfig; name = "Pods-writeMemo.release.xcconfig"; path = "Pods/Target Support Files/Pods-writeMemo/Pods-writeMemo.release.xcconfig"; sourceTree = "<group>"; };
		9BFEDE8DB37C7F3169E63D1D /* Pods-writeMemo.debug.xcconfig */ = {isa = PBXFileReference; includeInIndex = 1; lastKnownFileType = text.xcconfig; name = "Pods-writeMemo.debug.xcconfig"; path = "Pods/Target Support Files/Pods-writeMemo/Pods-writeMemo.debug.xcconfig"; sourceTree = "<group>"; };
		9D72612B1FC80767003509E2 /* Memo.swift */ = {isa = PBXFileReference; lastKnownFileType = sourcecode.swift; name = Memo.swift; path = Model/Memo.swift; sourceTree = "<group>"; };
		9D72612D1FC80968003509E2 /* MemoManager.swift */ = {isa = PBXFileReference; lastKnownFileType = sourcecode.swift; name = MemoManager.swift; path = Model/MemoManager.swift; sourceTree = "<group>"; };
		A4D7BBD7AD57A0AF865B41FB /* Pods_writeMemo.framework */ = {isa = PBXFileReference; explicitFileType = wrapper.framework; includeInIndex = 0; path = Pods_writeMemo.framework; sourceTree = BUILT_PRODUCTS_DIR; };
		DC12CAEA1BF0C6C500AE6167 /* CoreGraphics.framework */ = {isa = PBXFileReference; lastKnownFileType = wrapper.framework; name = CoreGraphics.framework; path = System/Library/Frameworks/CoreGraphics.framework; sourceTree = SDKROOT; };
		DC2335781BEDD801000A40F2 /* Bridging-Header.h */ = {isa = PBXFileReference; lastKnownFileType = sourcecode.c.h; path = "Bridging-Header.h"; sourceTree = "<group>"; };
		DC498C611BEB3E2300FD10AD /* DrawOptionView.swift */ = {isa = PBXFileReference; fileEncoding = 4; lastKnownFileType = sourcecode.swift; name = DrawOptionView.swift; path = view/DrawOptionView.swift; sourceTree = "<group>"; };
		DC498C651BEB3E6C00FD10AD /* DrawOptionView.xib */ = {isa = PBXFileReference; fileEncoding = 4; lastKnownFileType = file.xib; name = DrawOptionView.xib; path = view/DrawOptionView.xib; sourceTree = "<group>"; };
		DC498C671BEBA0FF00FD10AD /* palette_48px.png */ = {isa = PBXFileReference; lastKnownFileType = image.png; name = palette_48px.png; path = images/palette_48px.png; sourceTree = "<group>"; };
		DC498C681BEBA0FF00FD10AD /* strongPen.png */ = {isa = PBXFileReference; lastKnownFileType = image.png; name = strongPen.png; path = images/strongPen.png; sourceTree = "<group>"; };
		DC498C691BEBA0FF00FD10AD /* thinPen.png */ = {isa = PBXFileReference; lastKnownFileType = image.png; name = thinPen.png; path = images/thinPen.png; sourceTree = "<group>"; };
		DC5DE3781BE88CEE0069195B /* MemoViewController.swift */ = {isa = PBXFileReference; fileEncoding = 4; lastKnownFileType = sourcecode.swift; name = MemoViewController.swift; path = viewController/MemoViewController.swift; sourceTree = "<group>"; };
		DC5DE37A1BE88E9B0069195B /* background.png */ = {isa = PBXFileReference; lastKnownFileType = image.png; name = background.png; path = images/background.png; sourceTree = "<group>"; };
		DCB621AD1C02E0EB004287A3 /* MemoEntity+CoreDataProperties.swift */ = {isa = PBXFileReference; fileEncoding = 4; lastKnownFileType = sourcecode.swift; path = "MemoEntity+CoreDataProperties.swift"; sourceTree = "<group>"; };
		DCB621AE1C02E0EB004287A3 /* MemoEntity.swift */ = {isa = PBXFileReference; fileEncoding = 4; lastKnownFileType = sourcecode.swift; path = MemoEntity.swift; sourceTree = "<group>"; };
		DCB621B11C02EB3F004287A3 /* MemoCRUD.swift */ = {isa = PBXFileReference; fileEncoding = 4; lastKnownFileType = sourcecode.swift; name = MemoCRUD.swift; path = Model/MemoCRUD.swift; sourceTree = "<group>"; };
		DCBE4A9E1BF8B51A00F9C87F /* AlertView.swift */ = {isa = PBXFileReference; fileEncoding = 4; lastKnownFileType = sourcecode.swift; name = AlertView.swift; path = view/AlertView.swift; sourceTree = "<group>"; };
		DCBE4AA01BF8B52900F9C87F /* AlertView.xib */ = {isa = PBXFileReference; fileEncoding = 4; lastKnownFileType = file.xib; name = AlertView.xib; path = view/AlertView.xib; sourceTree = "<group>"; };
		DCD8BD0C1C01C2A3008DD6E0 /* EditMemoNameView.swift */ = {isa = PBXFileReference; fileEncoding = 4; lastKnownFileType = sourcecode.swift; name = EditMemoNameView.swift; path = view/EditMemoNameView.swift; sourceTree = "<group>"; };
		DCD8BD0E1C01C2B3008DD6E0 /* EditMemoNameView.xib */ = {isa = PBXFileReference; fileEncoding = 4; lastKnownFileType = file.xib; name = EditMemoNameView.xib; path = view/EditMemoNameView.xib; sourceTree = "<group>"; };
		DCE83AC11BF36FEA00C613CC /* KTEGAKI.ttf */ = {isa = PBXFileReference; lastKnownFileType = file; name = KTEGAKI.ttf; path = font/KTEGAKI.ttf; sourceTree = "<group>"; };
		DCE9817D1BFDB09000F65635 /* ImageAlertView.swift */ = {isa = PBXFileReference; fileEncoding = 4; lastKnownFileType = sourcecode.swift; name = ImageAlertView.swift; path = view/ImageAlertView.swift; sourceTree = "<group>"; };
		DCE9817F1BFDB0A000F65635 /* ImageAlertView.xib */ = {isa = PBXFileReference; fileEncoding = 4; lastKnownFileType = file.xib; name = ImageAlertView.xib; path = view/ImageAlertView.xib; sourceTree = "<group>"; };
		DCF13C0C1BE9CD5800880FD6 /* MemoCollectionViewCell.swift */ = {isa = PBXFileReference; fileEncoding = 4; lastKnownFileType = sourcecode.swift; name = MemoCollectionViewCell.swift; path = view/MemoCollectionViewCell.swift; sourceTree = "<group>"; };
		DCF13C0D1BE9CD5800880FD6 /* MemoCollectionViewCell.xib */ = {isa = PBXFileReference; fileEncoding = 4; lastKnownFileType = file.xib; name = MemoCollectionViewCell.xib; path = view/MemoCollectionViewCell.xib; sourceTree = "<group>"; };
		DCF4CFAE1BE8769B00B0E076 /* writeMemo.app */ = {isa = PBXFileReference; explicitFileType = wrapper.application; includeInIndex = 0; path = writeMemo.app; sourceTree = BUILT_PRODUCTS_DIR; };
		DCF4CFB21BE8769B00B0E076 /* Info.plist */ = {isa = PBXFileReference; lastKnownFileType = text.plist.xml; path = Info.plist; sourceTree = "<group>"; };
		DCF4CFB31BE8769B00B0E076 /* AppDelegate.swift */ = {isa = PBXFileReference; lastKnownFileType = sourcecode.swift; path = AppDelegate.swift; sourceTree = "<group>"; };
		DCF4CFB61BE8769B00B0E076 /* writeMemo.xcdatamodel */ = {isa = PBXFileReference; lastKnownFileType = wrapper.xcdatamodel; path = writeMemo.xcdatamodel; sourceTree = "<group>"; };
		DCF4CFB81BE8769B00B0E076 /* TopViewController.swift */ = {isa = PBXFileReference; lastKnownFileType = sourcecode.swift; name = TopViewController.swift; path = viewController/TopViewController.swift; sourceTree = "<group>"; };
		DCF4CFBB1BE8769B00B0E076 /* Base */ = {isa = PBXFileReference; lastKnownFileType = file.storyboard; name = Base; path = Base.lproj/Main.storyboard; sourceTree = "<group>"; };
		DCF4CFBD1BE8769B00B0E076 /* Images.xcassets */ = {isa = PBXFileReference; lastKnownFileType = folder.assetcatalog; path = Images.xcassets; sourceTree = "<group>"; };
		DCF4CFC01BE8769B00B0E076 /* Base */ = {isa = PBXFileReference; lastKnownFileType = file.xib; name = Base; path = Base.lproj/LaunchScreen.xib; sourceTree = "<group>"; };
		DCF4CFC61BE8769C00B0E076 /* writeMemoTests.xctest */ = {isa = PBXFileReference; explicitFileType = wrapper.cfbundle; includeInIndex = 0; path = writeMemoTests.xctest; sourceTree = BUILT_PRODUCTS_DIR; };
		DCF4CFCB1BE8769C00B0E076 /* Info.plist */ = {isa = PBXFileReference; lastKnownFileType = text.plist.xml; path = Info.plist; sourceTree = "<group>"; };
		DCF4CFCC1BE8769C00B0E076 /* writeMemoTests.swift */ = {isa = PBXFileReference; lastKnownFileType = sourcecode.swift; path = writeMemoTests.swift; sourceTree = "<group>"; };
		DCF5EA781BF9BE3400BB4911 /* InputTextView.swift */ = {isa = PBXFileReference; fileEncoding = 4; lastKnownFileType = sourcecode.swift; name = InputTextView.swift; path = view/InputTextView.swift; sourceTree = "<group>"; };
		DCF5EA7A1BF9BE5A00BB4911 /* InputTextView.xib */ = {isa = PBXFileReference; fileEncoding = 4; lastKnownFileType = file.xib; name = InputTextView.xib; path = view/InputTextView.xib; sourceTree = "<group>"; };
		DCF5EA7C1BFAFED400BB4911 /* ColorPaletteView.swift */ = {isa = PBXFileReference; fileEncoding = 4; lastKnownFileType = sourcecode.swift; name = ColorPaletteView.swift; path = view/ColorPaletteView.swift; sourceTree = "<group>"; };
/* End PBXFileReference section */

/* Begin PBXFrameworksBuildPhase section */
		DCF4CFAB1BE8769B00B0E076 /* Frameworks */ = {
			isa = PBXFrameworksBuildPhase;
			buildActionMask = 2147483647;
			files = (
				DC12CAEB1BF0C6C500AE6167 /* CoreGraphics.framework in Frameworks */,
				409B6476B97C70E6063B53AB /* Pods_writeMemo.framework in Frameworks */,
			);
			runOnlyForDeploymentPostprocessing = 0;
		};
		DCF4CFC31BE8769C00B0E076 /* Frameworks */ = {
			isa = PBXFrameworksBuildPhase;
			buildActionMask = 2147483647;
			files = (
			);
			runOnlyForDeploymentPostprocessing = 0;
		};
/* End PBXFrameworksBuildPhase section */

/* Begin PBXGroup section */
		4B04D72DA873F1F2ED1C6D24 /* Frameworks */ = {
			isa = PBXGroup;
			children = (
				DC12CAEA1BF0C6C500AE6167 /* CoreGraphics.framework */,
				A4D7BBD7AD57A0AF865B41FB /* Pods_writeMemo.framework */,
			);
			name = Frameworks;
			sourceTree = "<group>";
		};
		DCB621A41C02DF0A004287A3 /* Model */ = {
			isa = PBXGroup;
			children = (
				DCB621AD1C02E0EB004287A3 /* MemoEntity+CoreDataProperties.swift */,
				DCB621AE1C02E0EB004287A3 /* MemoEntity.swift */,
				DCB621B11C02EB3F004287A3 /* MemoCRUD.swift */,
				9D72612B1FC80767003509E2 /* Memo.swift */,
				9D72612D1FC80968003509E2 /* MemoManager.swift */,
			);
			name = Model;
			sourceTree = "<group>";
		};
		DCE83ABE1BF32C8700C613CC /* fonts */ = {
			isa = PBXGroup;
			children = (
				DCE83AC11BF36FEA00C613CC /* KTEGAKI.ttf */,
			);
			name = fonts;
			sourceTree = "<group>";
		};
		DCF13C101BE9CD6400880FD6 /* view */ = {
			isa = PBXGroup;
			children = (
				DCF13C0C1BE9CD5800880FD6 /* MemoCollectionViewCell.swift */,
				DCF13C0D1BE9CD5800880FD6 /* MemoCollectionViewCell.xib */,
				DC498C611BEB3E2300FD10AD /* DrawOptionView.swift */,
				DC498C651BEB3E6C00FD10AD /* DrawOptionView.xib */,
				DCBE4A9E1BF8B51A00F9C87F /* AlertView.swift */,
				DCBE4AA01BF8B52900F9C87F /* AlertView.xib */,
				DCD8BD0C1C01C2A3008DD6E0 /* EditMemoNameView.swift */,
				DCD8BD0E1C01C2B3008DD6E0 /* EditMemoNameView.xib */,
				DCF5EA781BF9BE3400BB4911 /* InputTextView.swift */,
				DCF5EA7A1BF9BE5A00BB4911 /* InputTextView.xib */,
				DCF5EA7C1BFAFED400BB4911 /* ColorPaletteView.swift */,
				DCE9817D1BFDB09000F65635 /* ImageAlertView.swift */,
				DCE9817F1BFDB0A000F65635 /* ImageAlertView.xib */,
			);
			name = view;
			sourceTree = "<group>";
		};
		DCF13C111BE9E00700880FD6 /* images */ = {
			isa = PBXGroup;
			children = (
				DC5DE37A1BE88E9B0069195B /* background.png */,
				DC498C671BEBA0FF00FD10AD /* palette_48px.png */,
				DC498C681BEBA0FF00FD10AD /* strongPen.png */,
				DC498C691BEBA0FF00FD10AD /* thinPen.png */,
			);
			name = images;
			sourceTree = "<group>";
		};
		DCF4CFA51BE8769B00B0E076 = {
			isa = PBXGroup;
			children = (
				DCF4CFB01BE8769B00B0E076 /* writeMemo */,
				DCF4CFC91BE8769C00B0E076 /* writeMemoTests */,
				DCF4CFAF1BE8769B00B0E076 /* Products */,
				4B04D72DA873F1F2ED1C6D24 /* Frameworks */,
				F36212C3A64108602531D4D0 /* Pods */,
			);
			sourceTree = "<group>";
		};
		DCF4CFAF1BE8769B00B0E076 /* Products */ = {
			isa = PBXGroup;
			children = (
				DCF4CFAE1BE8769B00B0E076 /* writeMemo.app */,
				DCF4CFC61BE8769C00B0E076 /* writeMemoTests.xctest */,
			);
			name = Products;
			sourceTree = "<group>";
		};
		DCF4CFB01BE8769B00B0E076 /* writeMemo */ = {
			isa = PBXGroup;
			children = (
				DCF4CFB31BE8769B00B0E076 /* AppDelegate.swift */,
				DCF4CFBA1BE8769B00B0E076 /* Main.storyboard */,
				DCF4CFD81BE8825400B0E076 /* viewController */,
				DCB621A41C02DF0A004287A3 /* Model */,
				DCF13C101BE9CD6400880FD6 /* view */,
				DCF4CFBD1BE8769B00B0E076 /* Images.xcassets */,
				DCE83ABE1BF32C8700C613CC /* fonts */,
				DCF13C111BE9E00700880FD6 /* images */,
				DCF4CFBF1BE8769B00B0E076 /* LaunchScreen.xib */,
				DCF4CFB51BE8769B00B0E076 /* writeMemo.xcdatamodeld */,
				DCF4CFB11BE8769B00B0E076 /* Supporting Files */,
			);
			path = writeMemo;
			sourceTree = "<group>";
		};
		DCF4CFB11BE8769B00B0E076 /* Supporting Files */ = {
			isa = PBXGroup;
			children = (
				DCF4CFB21BE8769B00B0E076 /* Info.plist */,
				DC2335781BEDD801000A40F2 /* Bridging-Header.h */,
			);
			name = "Supporting Files";
			sourceTree = "<group>";
		};
		DCF4CFC91BE8769C00B0E076 /* writeMemoTests */ = {
			isa = PBXGroup;
			children = (
				DCF4CFCC1BE8769C00B0E076 /* writeMemoTests.swift */,
				DCF4CFCA1BE8769C00B0E076 /* Supporting Files */,
			);
			path = writeMemoTests;
			sourceTree = "<group>";
		};
		DCF4CFCA1BE8769C00B0E076 /* Supporting Files */ = {
			isa = PBXGroup;
			children = (
				DCF4CFCB1BE8769C00B0E076 /* Info.plist */,
			);
			name = "Supporting Files";
			sourceTree = "<group>";
		};
		DCF4CFD81BE8825400B0E076 /* viewController */ = {
			isa = PBXGroup;
			children = (
				DCF4CFB81BE8769B00B0E076 /* TopViewController.swift */,
				DC5DE3781BE88CEE0069195B /* MemoViewController.swift */,
			);
			name = viewController;
			sourceTree = "<group>";
		};
		F36212C3A64108602531D4D0 /* Pods */ = {
			isa = PBXGroup;
			children = (
				9BFEDE8DB37C7F3169E63D1D /* Pods-writeMemo.debug.xcconfig */,
				519B9EEF0BE75262DDA7D91F /* Pods-writeMemo.release.xcconfig */,
			);
			name = Pods;
			sourceTree = "<group>";
		};
/* End PBXGroup section */

/* Begin PBXNativeTarget section */
		DCF4CFAD1BE8769B00B0E076 /* writeMemo */ = {
			isa = PBXNativeTarget;
			buildConfigurationList = DCF4CFD01BE8769C00B0E076 /* Build configuration list for PBXNativeTarget "writeMemo" */;
			buildPhases = (
				D01BFFBCA5021727FC62C1D5 /* [CP] Check Pods Manifest.lock */,
				DCF4CFAA1BE8769B00B0E076 /* Sources */,
				DCF4CFAB1BE8769B00B0E076 /* Frameworks */,
				DCF4CFAC1BE8769B00B0E076 /* Resources */,
				247FBAD1532BB62F07229508 /* [CP] Embed Pods Frameworks */,
				CF21B9643C06E522E829D3EB /* [CP] Copy Pods Resources */,
			);
			buildRules = (
			);
			dependencies = (
			);
			name = writeMemo;
			productName = writeMemo;
			productReference = DCF4CFAE1BE8769B00B0E076 /* writeMemo.app */;
			productType = "com.apple.product-type.application";
		};
		DCF4CFC51BE8769C00B0E076 /* writeMemoTests */ = {
			isa = PBXNativeTarget;
			buildConfigurationList = DCF4CFD31BE8769C00B0E076 /* Build configuration list for PBXNativeTarget "writeMemoTests" */;
			buildPhases = (
				DCF4CFC21BE8769C00B0E076 /* Sources */,
				DCF4CFC31BE8769C00B0E076 /* Frameworks */,
				DCF4CFC41BE8769C00B0E076 /* Resources */,
			);
			buildRules = (
			);
			dependencies = (
				DCF4CFC81BE8769C00B0E076 /* PBXTargetDependency */,
			);
			name = writeMemoTests;
			productName = writeMemoTests;
			productReference = DCF4CFC61BE8769C00B0E076 /* writeMemoTests.xctest */;
			productType = "com.apple.product-type.bundle.unit-test";
		};
/* End PBXNativeTarget section */

/* Begin PBXProject section */
		DCF4CFA61BE8769B00B0E076 /* Project object */ = {
			isa = PBXProject;
			attributes = {
				LastSwiftMigration = 0710;
				LastSwiftUpdateCheck = 0710;
				LastUpgradeCheck = 0640;
				ORGANIZATIONNAME = A.M;
				TargetAttributes = {
					DCF4CFAD1BE8769B00B0E076 = {
						CreatedOnToolsVersion = 6.4;
					};
					DCF4CFC51BE8769C00B0E076 = {
						CreatedOnToolsVersion = 6.4;
						TestTargetID = DCF4CFAD1BE8769B00B0E076;
					};
				};
			};
			buildConfigurationList = DCF4CFA91BE8769B00B0E076 /* Build configuration list for PBXProject "writeMemo" */;
			compatibilityVersion = "Xcode 3.2";
			developmentRegion = English;
			hasScannedForEncodings = 0;
			knownRegions = (
				en,
				Base,
			);
			mainGroup = DCF4CFA51BE8769B00B0E076;
			productRefGroup = DCF4CFAF1BE8769B00B0E076 /* Products */;
			projectDirPath = "";
			projectRoot = "";
			targets = (
				DCF4CFAD1BE8769B00B0E076 /* writeMemo */,
				DCF4CFC51BE8769C00B0E076 /* writeMemoTests */,
			);
		};
/* End PBXProject section */

/* Begin PBXResourcesBuildPhase section */
		DCF4CFAC1BE8769B00B0E076 /* Resources */ = {
			isa = PBXResourcesBuildPhase;
			buildActionMask = 2147483647;
			files = (
				DCE83AC31BF3701300C613CC /* KTEGAKI.ttf in Resources */,
				DCF4CFBC1BE8769B00B0E076 /* Main.storyboard in Resources */,
				DC498C6B1BEBA0FF00FD10AD /* strongPen.png in Resources */,
				DCE981801BFDB0A000F65635 /* ImageAlertView.xib in Resources */,
				DC498C661BEB3E6C00FD10AD /* DrawOptionView.xib in Resources */,
				DCF13C0F1BE9CD5800880FD6 /* MemoCollectionViewCell.xib in Resources */,
				DC5DE37B1BE88E9B0069195B /* background.png in Resources */,
				DC498C6A1BEBA0FF00FD10AD /* palette_48px.png in Resources */,
				DCF4CFC11BE8769B00B0E076 /* LaunchScreen.xib in Resources */,
				DCBE4AA11BF8B52900F9C87F /* AlertView.xib in Resources */,
				DC498C6C1BEBA0FF00FD10AD /* thinPen.png in Resources */,
				DCD8BD0F1C01C2B3008DD6E0 /* EditMemoNameView.xib in Resources */,
				DCF5EA7B1BF9BE5A00BB4911 /* InputTextView.xib in Resources */,
				DCF4CFBE1BE8769B00B0E076 /* Images.xcassets in Resources */,
			);
			runOnlyForDeploymentPostprocessing = 0;
		};
		DCF4CFC41BE8769C00B0E076 /* Resources */ = {
			isa = PBXResourcesBuildPhase;
			buildActionMask = 2147483647;
			files = (
			);
			runOnlyForDeploymentPostprocessing = 0;
		};
/* End PBXResourcesBuildPhase section */

/* Begin PBXShellScriptBuildPhase section */
		247FBAD1532BB62F07229508 /* [CP] Embed Pods Frameworks */ = {
			isa = PBXShellScriptBuildPhase;
			buildActionMask = 2147483647;
			files = (
			);
			inputPaths = (
				"${SRCROOT}/Pods/Target Support Files/Pods-writeMemo/Pods-writeMemo-frameworks.sh",
				"${BUILT_PRODUCTS_DIR}/ACEDrawingView/ACEDrawingView.framework",
				"${BUILT_PRODUCTS_DIR}/Realm/Realm.framework",
				"${BUILT_PRODUCTS_DIR}/RealmSwift/RealmSwift.framework",
			);
			name = "[CP] Embed Pods Frameworks";
			outputPaths = (
				"${TARGET_BUILD_DIR}/${FRAMEWORKS_FOLDER_PATH}/ACEDrawingView.framework",
				"${TARGET_BUILD_DIR}/${FRAMEWORKS_FOLDER_PATH}/Realm.framework",
				"${TARGET_BUILD_DIR}/${FRAMEWORKS_FOLDER_PATH}/RealmSwift.framework",
			);
			runOnlyForDeploymentPostprocessing = 0;
			shellPath = /bin/sh;
			shellScript = "\"${SRCROOT}/Pods/Target Support Files/Pods-writeMemo/Pods-writeMemo-frameworks.sh\"\n";
			showEnvVarsInLog = 0;
		};
		CF21B9643C06E522E829D3EB /* [CP] Copy Pods Resources */ = {
			isa = PBXShellScriptBuildPhase;
			buildActionMask = 2147483647;
			files = (
			);
			inputPaths = (
			);
			name = "[CP] Copy Pods Resources";
			outputPaths = (
			);
			runOnlyForDeploymentPostprocessing = 0;
			shellPath = /bin/sh;
			shellScript = "\"${SRCROOT}/Pods/Target Support Files/Pods-writeMemo/Pods-writeMemo-resources.sh\"\n";
			showEnvVarsInLog = 0;
		};
		D01BFFBCA5021727FC62C1D5 /* [CP] Check Pods Manifest.lock */ = {
			isa = PBXShellScriptBuildPhase;
			buildActionMask = 2147483647;
			files = (
			);
			inputPaths = (
				"${PODS_PODFILE_DIR_PATH}/Podfile.lock",
				"${PODS_ROOT}/Manifest.lock",
			);
			name = "[CP] Check Pods Manifest.lock";
			outputPaths = (
				"$(DERIVED_FILE_DIR)/Pods-writeMemo-checkManifestLockResult.txt",
			);
			runOnlyForDeploymentPostprocessing = 0;
			shellPath = /bin/sh;
			shellScript = "diff \"${PODS_PODFILE_DIR_PATH}/Podfile.lock\" \"${PODS_ROOT}/Manifest.lock\" > /dev/null\nif [ $? != 0 ] ; then\n    # print error to STDERR\n    echo \"error: The sandbox is not in sync with the Podfile.lock. Run 'pod install' or update your CocoaPods installation.\" >&2\n    exit 1\nfi\n# This output is used by Xcode 'outputs' to avoid re-running this script phase.\necho \"SUCCESS\" > \"${SCRIPT_OUTPUT_FILE_0}\"\n";
			showEnvVarsInLog = 0;
		};
/* End PBXShellScriptBuildPhase section */

/* Begin PBXSourcesBuildPhase section */
		DCF4CFAA1BE8769B00B0E076 /* Sources */ = {
			isa = PBXSourcesBuildPhase;
			buildActionMask = 2147483647;
			files = (
				DCF13C0E1BE9CD5800880FD6 /* MemoCollectionViewCell.swift in Sources */,
				DCF4CFB91BE8769B00B0E076 /* TopViewController.swift in Sources */,
				DC498C621BEB3E2300FD10AD /* DrawOptionView.swift in Sources */,
				DC5DE3791BE88CEE0069195B /* MemoViewController.swift in Sources */,
				DCE9817E1BFDB09000F65635 /* ImageAlertView.swift in Sources */,
				9D72612E1FC80968003509E2 /* MemoManager.swift in Sources */,
				DCBE4A9F1BF8B51A00F9C87F /* AlertView.swift in Sources */,
				DCF5EA7D1BFAFED400BB4911 /* ColorPaletteView.swift in Sources */,
				DCF5EA791BF9BE3400BB4911 /* InputTextView.swift in Sources */,
				DCB621B01C02E0EB004287A3 /* MemoEntity.swift in Sources */,
				9D72612C1FC80767003509E2 /* Memo.swift in Sources */,
				DCB621AF1C02E0EB004287A3 /* MemoEntity+CoreDataProperties.swift in Sources */,
				DCD8BD0D1C01C2A3008DD6E0 /* EditMemoNameView.swift in Sources */,
				DCB621B21C02EB3F004287A3 /* MemoCRUD.swift in Sources */,
				DCF4CFB41BE8769B00B0E076 /* AppDelegate.swift in Sources */,
				DCF4CFB71BE8769B00B0E076 /* writeMemo.xcdatamodeld in Sources */,
			);
			runOnlyForDeploymentPostprocessing = 0;
		};
		DCF4CFC21BE8769C00B0E076 /* Sources */ = {
			isa = PBXSourcesBuildPhase;
			buildActionMask = 2147483647;
			files = (
				DCF4CFCD1BE8769C00B0E076 /* writeMemoTests.swift in Sources */,
			);
			runOnlyForDeploymentPostprocessing = 0;
		};
/* End PBXSourcesBuildPhase section */

/* Begin PBXTargetDependency section */
		DCF4CFC81BE8769C00B0E076 /* PBXTargetDependency */ = {
			isa = PBXTargetDependency;
			target = DCF4CFAD1BE8769B00B0E076 /* writeMemo */;
			targetProxy = DCF4CFC71BE8769C00B0E076 /* PBXContainerItemProxy */;
		};
/* End PBXTargetDependency section */

/* Begin PBXVariantGroup section */
		DCF4CFBA1BE8769B00B0E076 /* Main.storyboard */ = {
			isa = PBXVariantGroup;
			children = (
				DCF4CFBB1BE8769B00B0E076 /* Base */,
			);
			name = Main.storyboard;
			sourceTree = "<group>";
		};
		DCF4CFBF1BE8769B00B0E076 /* LaunchScreen.xib */ = {
			isa = PBXVariantGroup;
			children = (
				DCF4CFC01BE8769B00B0E076 /* Base */,
			);
			name = LaunchScreen.xib;
			sourceTree = "<group>";
		};
/* End PBXVariantGroup section */

/* Begin XCBuildConfiguration section */
		DCF4CFCE1BE8769C00B0E076 /* Debug */ = {
			isa = XCBuildConfiguration;
			buildSettings = {
				ALWAYS_SEARCH_USER_PATHS = NO;
				CLANG_CXX_LANGUAGE_STANDARD = "gnu++0x";
				CLANG_CXX_LIBRARY = "libc++";
				CLANG_ENABLE_MODULES = YES;
				CLANG_ENABLE_OBJC_ARC = YES;
				CLANG_WARN_BOOL_CONVERSION = YES;
				CLANG_WARN_CONSTANT_CONVERSION = YES;
				CLANG_WARN_DIRECT_OBJC_ISA_USAGE = YES_ERROR;
				CLANG_WARN_EMPTY_BODY = YES;
				CLANG_WARN_ENUM_CONVERSION = YES;
				CLANG_WARN_INT_CONVERSION = YES;
				CLANG_WARN_OBJC_ROOT_CLASS = YES_ERROR;
				CLANG_WARN_UNREACHABLE_CODE = YES;
				CLANG_WARN__DUPLICATE_METHOD_MATCH = YES;
				"CODE_SIGN_IDENTITY[sdk=iphoneos*]" = "iPhone Developer";
				COPY_PHASE_STRIP = NO;
				DEBUG_INFORMATION_FORMAT = "dwarf-with-dsym";
				ENABLE_STRICT_OBJC_MSGSEND = YES;
				GCC_C_LANGUAGE_STANDARD = gnu99;
				GCC_DYNAMIC_NO_PIC = NO;
				GCC_NO_COMMON_BLOCKS = YES;
				GCC_OPTIMIZATION_LEVEL = 0;
				GCC_PREPROCESSOR_DEFINITIONS = (
					"DEBUG=1",
					"$(inherited)",
				);
				GCC_SYMBOLS_PRIVATE_EXTERN = NO;
				GCC_WARN_64_TO_32_BIT_CONVERSION = YES;
				GCC_WARN_ABOUT_RETURN_TYPE = YES_ERROR;
				GCC_WARN_UNDECLARED_SELECTOR = YES;
				GCC_WARN_UNINITIALIZED_AUTOS = YES_AGGRESSIVE;
				GCC_WARN_UNUSED_FUNCTION = YES;
				GCC_WARN_UNUSED_VARIABLE = YES;
				IPHONEOS_DEPLOYMENT_TARGET = 8.4;
				MTL_ENABLE_DEBUG_INFO = YES;
				ONLY_ACTIVE_ARCH = YES;
				SDKROOT = iphoneos;
				SWIFT_OPTIMIZATION_LEVEL = "-Onone";
			};
			name = Debug;
		};
		DCF4CFCF1BE8769C00B0E076 /* Release */ = {
			isa = XCBuildConfiguration;
			buildSettings = {
				ALWAYS_SEARCH_USER_PATHS = NO;
				CLANG_CXX_LANGUAGE_STANDARD = "gnu++0x";
				CLANG_CXX_LIBRARY = "libc++";
				CLANG_ENABLE_MODULES = YES;
				CLANG_ENABLE_OBJC_ARC = YES;
				CLANG_WARN_BOOL_CONVERSION = YES;
				CLANG_WARN_CONSTANT_CONVERSION = YES;
				CLANG_WARN_DIRECT_OBJC_ISA_USAGE = YES_ERROR;
				CLANG_WARN_EMPTY_BODY = YES;
				CLANG_WARN_ENUM_CONVERSION = YES;
				CLANG_WARN_INT_CONVERSION = YES;
				CLANG_WARN_OBJC_ROOT_CLASS = YES_ERROR;
				CLANG_WARN_UNREACHABLE_CODE = YES;
				CLANG_WARN__DUPLICATE_METHOD_MATCH = YES;
				"CODE_SIGN_IDENTITY[sdk=iphoneos*]" = "iPhone Developer";
				COPY_PHASE_STRIP = NO;
				DEBUG_INFORMATION_FORMAT = "dwarf-with-dsym";
				ENABLE_NS_ASSERTIONS = NO;
				ENABLE_STRICT_OBJC_MSGSEND = YES;
				GCC_C_LANGUAGE_STANDARD = gnu99;
				GCC_NO_COMMON_BLOCKS = YES;
				GCC_WARN_64_TO_32_BIT_CONVERSION = YES;
				GCC_WARN_ABOUT_RETURN_TYPE = YES_ERROR;
				GCC_WARN_UNDECLARED_SELECTOR = YES;
				GCC_WARN_UNINITIALIZED_AUTOS = YES_AGGRESSIVE;
				GCC_WARN_UNUSED_FUNCTION = YES;
				GCC_WARN_UNUSED_VARIABLE = YES;
				IPHONEOS_DEPLOYMENT_TARGET = 8.4;
				MTL_ENABLE_DEBUG_INFO = NO;
				SDKROOT = iphoneos;
				VALIDATE_PRODUCT = YES;
			};
			name = Release;
		};
		DCF4CFD11BE8769C00B0E076 /* Debug */ = {
			isa = XCBuildConfiguration;
			baseConfigurationReference = 9BFEDE8DB37C7F3169E63D1D /* Pods-writeMemo.debug.xcconfig */;
			buildSettings = {
				ASSETCATALOG_COMPILER_APPICON_NAME = AppIcon;
				CODE_SIGN_IDENTITY = "iPhone Developer: Akira Maeda (JCJV8K9T92)";
				INFOPLIST_FILE = writeMemo/Info.plist;
				LD_RUNPATH_SEARCH_PATHS = "$(inherited) @executable_path/Frameworks";
				PRODUCT_NAME = "$(TARGET_NAME)";
				PROVISIONING_PROFILE = "4ade37fc-8d8a-4f99-86be-79a55abafa2e";
				SWIFT_OBJC_BRIDGING_HEADER = "$(SRCROOT)/$(PROJECT)/Bridging-Header.h";
				SWIFT_VERSION = 3.0;
			};
			name = Debug;
		};
		DCF4CFD21BE8769C00B0E076 /* Release */ = {
			isa = XCBuildConfiguration;
			baseConfigurationReference = 519B9EEF0BE75262DDA7D91F /* Pods-writeMemo.release.xcconfig */;
			buildSettings = {
				ASSETCATALOG_COMPILER_APPICON_NAME = AppIcon;
				INFOPLIST_FILE = writeMemo/Info.plist;
				LD_RUNPATH_SEARCH_PATHS = "$(inherited) @executable_path/Frameworks";
				PRODUCT_NAME = "$(TARGET_NAME)";
				PROVISIONING_PROFILE = "4ade37fc-8d8a-4f99-86be-79a55abafa2e";
				SWIFT_OBJC_BRIDGING_HEADER = "$(SRCROOT)/$(PROJECT)/Bridging-Header.h";
				SWIFT_VERSION = 3.0;
			};
			name = Release;
		};
		DCF4CFD41BE8769C00B0E076 /* Debug */ = {
			isa = XCBuildConfiguration;
			buildSettings = {
				BUNDLE_LOADER = "$(TEST_HOST)";
				FRAMEWORK_SEARCH_PATHS = (
					"$(SDKROOT)/Developer/Library/Frameworks",
					"$(inherited)",
				);
				GCC_PREPROCESSOR_DEFINITIONS = (
					"DEBUG=1",
					"$(inherited)",
				);
				INFOPLIST_FILE = writeMemoTests/Info.plist;
				LD_RUNPATH_SEARCH_PATHS = "$(inherited) @executable_path/Frameworks @loader_path/Frameworks";
				PRODUCT_NAME = "$(TARGET_NAME)";
				SWIFT_VERSION = 3.0;
				TEST_HOST = "$(BUILT_PRODUCTS_DIR)/writeMemo.app/writeMemo";
			};
			name = Debug;
		};
		DCF4CFD51BE8769C00B0E076 /* Release */ = {
			isa = XCBuildConfiguration;
			buildSettings = {
				BUNDLE_LOADER = "$(TEST_HOST)";
				FRAMEWORK_SEARCH_PATHS = (
					"$(SDKROOT)/Developer/Library/Frameworks",
					"$(inherited)",
				);
				INFOPLIST_FILE = writeMemoTests/Info.plist;
				LD_RUNPATH_SEARCH_PATHS = "$(inherited) @executable_path/Frameworks @loader_path/Frameworks";
				PRODUCT_NAME = "$(TARGET_NAME)";
				SWIFT_VERSION = 3.0;
				TEST_HOST = "$(BUILT_PRODUCTS_DIR)/writeMemo.app/writeMemo";
			};
			name = Release;
		};
/* End XCBuildConfiguration section */

/* Begin XCConfigurationList section */
		DCF4CFA91BE8769B00B0E076 /* Build configuration list for PBXProject "writeMemo" */ = {
			isa = XCConfigurationList;
			buildConfigurations = (
				DCF4CFCE1BE8769C00B0E076 /* Debug */,
				DCF4CFCF1BE8769C00B0E076 /* Release */,
			);
			defaultConfigurationIsVisible = 0;
			defaultConfigurationName = Release;
		};
		DCF4CFD01BE8769C00B0E076 /* Build configuration list for PBXNativeTarget "writeMemo" */ = {
			isa = XCConfigurationList;
			buildConfigurations = (
				DCF4CFD11BE8769C00B0E076 /* Debug */,
				DCF4CFD21BE8769C00B0E076 /* Release */,
			);
			defaultConfigurationIsVisible = 0;
			defaultConfigurationName = Release;
		};
		DCF4CFD31BE8769C00B0E076 /* Build configuration list for PBXNativeTarget "writeMemoTests" */ = {
			isa = XCConfigurationList;
			buildConfigurations = (
				DCF4CFD41BE8769C00B0E076 /* Debug */,
				DCF4CFD51BE8769C00B0E076 /* Release */,
			);
			defaultConfigurationIsVisible = 0;
			defaultConfigurationName = Release;
		};
/* End XCConfigurationList section */

/* Begin XCVersionGroup section */
		DCF4CFB51BE8769B00B0E076 /* writeMemo.xcdatamodeld */ = {
			isa = XCVersionGroup;
			children = (
				DCF4CFB61BE8769B00B0E076 /* writeMemo.xcdatamodel */,
			);
			currentVersion = DCF4CFB61BE8769B00B0E076 /* writeMemo.xcdatamodel */;
			path = writeMemo.xcdatamodeld;
			sourceTree = "<group>";
			versionGroupType = wrapper.xcdatamodel;
		};
/* End XCVersionGroup section */
	};
	rootObject = DCF4CFA61BE8769B00B0E076 /* Project object */;
}
